
Microsoft Visual Studio Solution File, Format Version 12.00
# Visual Studio Version 16
VisualStudioVersion = 16.0.31829.152
MinimumVisualStudioVersion = 10.0.40219.1
Project("{FAE04EC0-301F-11D3-BF4B-00C04F79EFBC}") = "QR_code_generator", "QR_code_generator\QR_code_generator.csproj", "{924EA84D-B587-403B-B4B0-F3D410618182}"
EndProject
Global
	GlobalSection(SolutionConfigurationPlatforms) = preSolution
		Debug|Any CPU = Debug|Any CPU
		Release|Any CPU = Release|Any CPU
	EndGlobalSection
	GlobalSection(ProjectConfigurationPlatforms) = postSolution
		{924EA84D-B587-403B-B4B0-F3D410618182}.Debug|Any CPU.ActiveCfg = Debug|Any CPU
		{924EA84D-B587-403B-B4B0-F3D410618182}.Debug|Any CPU.Build.0 = Debug|Any CPU
		{924EA84D-B587-403B-B4B0-F3D410618182}.Release|Any CPU.ActiveCfg = Release|Any CPU
		{924EA84D-B587-403B-B4B0-F3D410618182}.Release|Any CPU.Build.0 = Release|Any CPU
	EndGlobalSection
	GlobalSection(SolutionProperties) = preSolution
		HideSolutionNode = FALSE
	EndGlobalSection
	GlobalSection(ExtensibilityGlobals) = postSolution
		SolutionGuid = {9D097C1F-53CD-4EA9-A838-9BA82D574F94}
	EndGlobalSection
EndGlobal
